
Microsoft Visual Studio Solution File, Format Version 12.00
# Visual Studio Version 17
VisualStudioVersion = 17.3.32901.215
MinimumVisualStudioVersion = 10.0.40219.1
Project("{FAE04EC0-301F-11D3-BF4B-00C04F79EFBC}") = "Clase2", "Clase2\Clase2.csproj", "{C58AACD7-3F63-4971-90E3-CC37DDA3A116}"
EndProject
Global
	GlobalSection(SolutionConfigurationPlatforms) = preSolution
		Debug|Any CPU = Debug|Any CPU
		Release|Any CPU = Release|Any CPU
	EndGlobalSection
	GlobalSection(ProjectConfigurationPlatforms) = postSolution
		{C58AACD7-3F63-4971-90E3-CC37DDA3A116}.Debug|Any CPU.ActiveCfg = Debug|Any CPU
		{C58AACD7-3F63-4971-90E3-CC37DDA3A116}.Debug|Any CPU.Build.0 = Debug|Any CPU
		{C58AACD7-3F63-4971-90E3-CC37DDA3A116}.Release|Any CPU.ActiveCfg = Release|Any CPU
		{C58AACD7-3F63-4971-90E3-CC37DDA3A116}.Release|Any CPU.Build.0 = Release|Any CPU
	EndGlobalSection
	GlobalSection(SolutionProperties) = preSolution
		HideSolutionNode = FALSE
	EndGlobalSection
	GlobalSection(ExtensibilityGlobals) = postSolution
		SolutionGuid = {F8D2963E-1917-4D97-8EA3-487325896DC4}
	EndGlobalSection
EndGlobal
