
Microsoft Visual Studio Solution File, Format Version 12.00
# Visual Studio Version 17
VisualStudioVersion = 17.3.32901.215
MinimumVisualStudioVersion = 10.0.40219.1
Project("{FAE04EC0-301F-11D3-BF4B-00C04F79EFBC}") = "Tarea 1", "Tarea 1\Tarea 1.csproj", "{B750E9C1-7D11-44E7-9EC5-C54DD74188F4}"
EndProject
Global
	GlobalSection(SolutionConfigurationPlatforms) = preSolution
		Debug|Any CPU = Debug|Any CPU
		Release|Any CPU = Release|Any CPU
	EndGlobalSection
	GlobalSection(ProjectConfigurationPlatforms) = postSolution
		{B750E9C1-7D11-44E7-9EC5-C54DD74188F4}.Debug|Any CPU.ActiveCfg = Debug|Any CPU
		{B750E9C1-7D11-44E7-9EC5-C54DD74188F4}.Debug|Any CPU.Build.0 = Debug|Any CPU
		{B750E9C1-7D11-44E7-9EC5-C54DD74188F4}.Release|Any CPU.ActiveCfg = Release|Any CPU
		{B750E9C1-7D11-44E7-9EC5-C54DD74188F4}.Release|Any CPU.Build.0 = Release|Any CPU
	EndGlobalSection
	GlobalSection(SolutionProperties) = preSolution
		HideSolutionNode = FALSE
	EndGlobalSection
	GlobalSection(ExtensibilityGlobals) = postSolution
		SolutionGuid = {9B0435E1-C317-4B83-A8EB-3CAAAA63B291}
	EndGlobalSection
EndGlobal
